
Microsoft Visual Studio Solution File, Format Version 12.00
# Visual Studio Version 17
VisualStudioVersion = 17.11.35431.28
MinimumVisualStudioVersion = 10.0.40219.1
Project("{9A19103F-16F7-4668-BE54-9A1E7A4F7556}") = "BestStoriesAPI", "API\BestStoriesAPI.csproj", "{1BCE8100-5A9E-4131-A5AD-BE1632F1DEF1}"
EndProject
Project("{9A19103F-16F7-4668-BE54-9A1E7A4F7556}") = "BestStories.Model", "Model\BestStories.Model.csproj", "{DFA3AD6B-3D4E-47BD-A24D-8A1B78326BD4}"
EndProject
Project("{9A19103F-16F7-4668-BE54-9A1E7A4F7556}") = "BestStories.Services", "Services\BestStories.Services.csproj", "{682E256E-C2D2-4DFD-96E0-10731A2CA03E}"
EndProject
Global
	GlobalSection(SolutionConfigurationPlatforms) = preSolution
		Debug|Any CPU = Debug|Any CPU
		Release|Any CPU = Release|Any CPU
	EndGlobalSection
	GlobalSection(ProjectConfigurationPlatforms) = postSolution
		{1BCE8100-5A9E-4131-A5AD-BE1632F1DEF1}.Debug|Any CPU.ActiveCfg = Debug|Any CPU
		{1BCE8100-5A9E-4131-A5AD-BE1632F1DEF1}.Debug|Any CPU.Build.0 = Debug|Any CPU
		{1BCE8100-5A9E-4131-A5AD-BE1632F1DEF1}.Release|Any CPU.ActiveCfg = Release|Any CPU
		{1BCE8100-5A9E-4131-A5AD-BE1632F1DEF1}.Release|Any CPU.Build.0 = Release|Any CPU
		{DFA3AD6B-3D4E-47BD-A24D-8A1B78326BD4}.Debug|Any CPU.ActiveCfg = Debug|Any CPU
		{DFA3AD6B-3D4E-47BD-A24D-8A1B78326BD4}.Debug|Any CPU.Build.0 = Debug|Any CPU
		{DFA3AD6B-3D4E-47BD-A24D-8A1B78326BD4}.Release|Any CPU.ActiveCfg = Release|Any CPU
		{DFA3AD6B-3D4E-47BD-A24D-8A1B78326BD4}.Release|Any CPU.Build.0 = Release|Any CPU
		{682E256E-C2D2-4DFD-96E0-10731A2CA03E}.Debug|Any CPU.ActiveCfg = Debug|Any CPU
		{682E256E-C2D2-4DFD-96E0-10731A2CA03E}.Debug|Any CPU.Build.0 = Debug|Any CPU
		{682E256E-C2D2-4DFD-96E0-10731A2CA03E}.Release|Any CPU.ActiveCfg = Release|Any CPU
		{682E256E-C2D2-4DFD-96E0-10731A2CA03E}.Release|Any CPU.Build.0 = Release|Any CPU
	EndGlobalSection
	GlobalSection(SolutionProperties) = preSolution
		HideSolutionNode = FALSE
	EndGlobalSection
	GlobalSection(ExtensibilityGlobals) = postSolution
		SolutionGuid = {95E6F3E1-6A94-486F-B447-EE643E2CAC83}
	EndGlobalSection
EndGlobal
